Microsoft Visual Studio Solution File, Format Version 12.00
# Visual Studio 2012
Project("{FAE04EC0-301F-11D3-BF4B-00C04F79EFBC}") = "HexLab", "HexLab.csproj", "{DB3A3D7D-7269-4640-9CF7-9B49E451D2BA}"
EndProject
Global
	GlobalSection(SolutionConfigurationPlatforms) = preSolution
	Debug|Any CPU = Debug|Any CPU
	ExportDebug|Any CPU = ExportDebug|Any CPU
	ExportRelease|Any CPU = ExportRelease|Any CPU
	EndGlobalSection
	GlobalSection(ProjectConfigurationPlatforms) = postSolution
		{DB3A3D7D-7269-4640-9CF7-9B49E451D2BA}.Debug|Any CPU.ActiveCfg = Debug|Any CPU
		{DB3A3D7D-7269-4640-9CF7-9B49E451D2BA}.Debug|Any CPU.Build.0 = Debug|Any CPU
		{DB3A3D7D-7269-4640-9CF7-9B49E451D2BA}.ExportDebug|Any CPU.ActiveCfg = ExportDebug|Any CPU
		{DB3A3D7D-7269-4640-9CF7-9B49E451D2BA}.ExportDebug|Any CPU.Build.0 = ExportDebug|Any CPU
		{DB3A3D7D-7269-4640-9CF7-9B49E451D2BA}.ExportRelease|Any CPU.ActiveCfg = ExportRelease|Any CPU
		{DB3A3D7D-7269-4640-9CF7-9B49E451D2BA}.ExportRelease|Any CPU.Build.0 = ExportRelease|Any CPU
	EndGlobalSection
EndGlobal
